// !$*UTF8*$!
{
	archiveVersion = 1;
	classes = {
	};
	objectVersion = 50;
	objects = {

/* Begin PBXBuildFile section */
		6B28FED823F7DD3D00E6CBE9 /* main.cpp in Sources */ = {isa = PBXBuildFile; fileRef = 6B28FED723F7DD3D00E6CBE9 /* main.cpp */; };
		6B28FEE023F7DE0700E6CBE9 /* libfbxsdk.a in Frameworks */ = {isa = PBXBuildFile; fileRef = 6B28FEDF23F7DDD800E6CBE9 /* libfbxsdk.a */; };
		6B28FEE223F7DE8700E6CBE9 /* CoreFoundation.framework in Frameworks */ = {isa = PBXBuildFile; fileRef = 6B28FEE123F7DE8700E6CBE9 /* CoreFoundation.framework */; };
		6B28FEED23F98AB500E6CBE9 /* main.cpp in Sources */ = {isa = PBXBuildFile; fileRef = 6B28FEEC23F98AB500E6CBE9 /* main.cpp */; };
		6B28FEF123F98AE100E6CBE9 /* CoreFoundation.framework in Frameworks */ = {isa = PBXBuildFile; fileRef = 6B28FEE123F7DE8700E6CBE9 /* CoreFoundation.framework */; };
		6B28FEF223F98B0900E6CBE9 /* libfbxsdk.a in Frameworks */ = {isa = PBXBuildFile; fileRef = 6B28FEDF23F7DDD800E6CBE9 /* libfbxsdk.a */; };
		6B28FEFC23FA467500E6CBE9 /* libxml2.tbd in Frameworks */ = {isa = PBXBuildFile; fileRef = 6B28FEFB23FA467500E6CBE9 /* libxml2.tbd */; };
		6B28FEFF23FA46BE00E6CBE9 /* libiconv.tbd in Frameworks */ = {isa = PBXBuildFile; fileRef = 6B28FEFE23FA46BE00E6CBE9 /* libiconv.tbd */; };
		6B28FF0123FA474A00E6CBE9 /* libz.tbd in Frameworks */ = {isa = PBXBuildFile; fileRef = 6B28FF0023FA474A00E6CBE9 /* libz.tbd */; };
		6B28FF0223FA475F00E6CBE9 /* libxml2.tbd in Frameworks */ = {isa = PBXBuildFile; fileRef = 6B28FEFB23FA467500E6CBE9 /* libxml2.tbd */; };
		6B28FF0323FA476500E6CBE9 /* libiconv.tbd in Frameworks */ = {isa = PBXBuildFile; fileRef = 6B28FEFE23FA46BE00E6CBE9 /* libiconv.tbd */; };
		6B28FF0423FA476A00E6CBE9 /* libz.tbd in Frameworks */ = {isa = PBXBuildFile; fileRef = 6B28FF0023FA474A00E6CBE9 /* libz.tbd */; };
/* End PBXBuildFile section */

/* Begin PBXCopyFilesBuildPhase section */
		6B28FED223F7DD3D00E6CBE9 /* CopyFiles */ = {
			isa = PBXCopyFilesBuildPhase;
			buildActionMask = 2147483647;
			dstPath = /usr/share/man/man1/;
			dstSubfolderSpec = 0;
			files = (
			);
			runOnlyForDeploymentPostprocessing = 1;
		};
		6B28FEE823F98AB500E6CBE9 /* CopyFiles */ = {
			isa = PBXCopyFilesBuildPhase;
			buildActionMask = 2147483647;
			dstPath = /usr/share/man/man1/;
			dstSubfolderSpec = 0;
			files = (
			);
			runOnlyForDeploymentPostprocessing = 1;
		};
/* End PBXCopyFilesBuildPhase section */

/* Begin PBXFileReference section */
		6B28FED423F7DD3D00E6CBE9 /* fbxdump */ = {isa = PBXFileReference; explicitFileType = "compiled.mach-o.executable"; includeInIndex = 0; path = fbxdump; sourceTree = BUILT_PRODUCTS_DIR; };
		6B28FED723F7DD3D00E6CBE9 /* main.cpp */ = {isa = PBXFileReference; lastKnownFileType = sourcecode.cpp.cpp; path = main.cpp; sourceTree = "<group>"; };
		6B28FEDF23F7DDD800E6CBE9 /* libfbxsdk.a */ = {isa = PBXFileReference; lastKnownFileType = archive.ar; path = libfbxsdk.a; sourceTree = "<group>"; };
		6B28FEE123F7DE8700E6CBE9 /* CoreFoundation.framework */ = {isa = PBXFileReference; lastKnownFileType = wrapper.framework; name = CoreFoundation.framework; path = System/Library/Frameworks/CoreFoundation.framework; sourceTree = SDKROOT; };
		6B28FEE423F95B9700E6CBE9 /* serialize.h */ = {isa = PBXFileReference; lastKnownFileType = sourcecode.c.h; path = serialize.h; sourceTree = "<group>"; };
		6B28FEEA23F98AB500E6CBE9 /* fbxtrim */ = {isa = PBXFileReference; explicitFileType = "compiled.mach-o.executable"; includeInIndex = 0; path = fbxtrim; sourceTree = BUILT_PRODUCTS_DIR; };
		6B28FEEC23F98AB500E6CBE9 /* main.cpp */ = {isa = PBXFileReference; lastKnownFileType = sourcecode.cpp.cpp; path = main.cpp; sourceTree = "<group>"; };
		6B28FEF323FA455700E6CBE9 /* SystemConfiguration.framework */ = {isa = PBXFileReference; lastKnownFileType = wrapper.framework; name = SystemConfiguration.framework; path = System/Library/Frameworks/SystemConfiguration.framework; sourceTree = SDKROOT; };
		6B28FEF723FA461E00E6CBE9 /* libxml2.2.tbd */ = {isa = PBXFileReference; lastKnownFileType = "sourcecode.text-based-dylib-definition"; name = libxml2.2.tbd; path = usr/lib/libxml2.2.tbd; sourceTree = SDKROOT; };
		6B28FEF923FA464F00E6CBE9 /* libc++.tbd */ = {isa = PBXFileReference; lastKnownFileType = "sourcecode.text-based-dylib-definition"; name = "libc++.tbd"; path = "usr/lib/libc++.tbd"; sourceTree = SDKROOT; };
		6B28FEFB23FA467500E6CBE9 /* libxml2.tbd */ = {isa = PBXFileReference; lastKnownFileType = "sourcecode.text-based-dylib-definition"; name = libxml2.tbd; path = usr/lib/libxml2.tbd; sourceTree = SDKROOT; };
		6B28FEFE23FA46BE00E6CBE9 /* libiconv.tbd */ = {isa = PBXFileReference; lastKnownFileType = "sourcecode.text-based-dylib-definition"; name = libiconv.tbd; path = usr/lib/libiconv.tbd; sourceTree = SDKROOT; };
		6B28FF0023FA474A00E6CBE9 /* libz.tbd */ = {isa = PBXFileReference; lastKnownFileType = "sourcecode.text-based-dylib-definition"; name = libz.tbd; path = usr/lib/libz.tbd; sourceTree = SDKROOT; };
/* End PBXFileReference section */

/* Begin PBXFrameworksBuildPhase section */
		6B28FED123F7DD3D00E6CBE9 /* Frameworks */ = {
			isa = PBXFrameworksBuildPhase;
			buildActionMask = 2147483647;
			files = (
				6B28FF0123FA474A00E6CBE9 /* libz.tbd in Frameworks */,
				6B28FEFF23FA46BE00E6CBE9 /* libiconv.tbd in Frameworks */,
				6B28FEFC23FA467500E6CBE9 /* libxml2.tbd in Frameworks */,
				6B28FEE223F7DE8700E6CBE9 /* CoreFoundation.framework in Frameworks */,
				6B28FEE023F7DE0700E6CBE9 /* libfbxsdk.a in Frameworks */,
			);
			runOnlyForDeploymentPostprocessing = 0;
		};
		6B28FEE723F98AB500E6CBE9 /* Frameworks */ = {
			isa = PBXFrameworksBuildPhase;
			buildActionMask = 2147483647;
			files = (
				6B28FF0423FA476A00E6CBE9 /* libz.tbd in Frameworks */,
				6B28FF0323FA476500E6CBE9 /* libiconv.tbd in Frameworks */,
				6B28FF0223FA475F00E6CBE9 /* libxml2.tbd in Frameworks */,
				6B28FEF123F98AE100E6CBE9 /* CoreFoundation.framework in Frameworks */,
				6B28FEF223F98B0900E6CBE9 /* libfbxsdk.a in Frameworks */,
			);
			runOnlyForDeploymentPostprocessing = 0;
		};
/* End PBXFrameworksBuildPhase section */

/* Begin PBXGroup section */
		6B28FECB23F7DD3D00E6CBE9 = {
			isa = PBXGroup;
			children = (
				6B28FED623F7DD3D00E6CBE9 /* fbxdump */,
				6B28FEEB23F98AB500E6CBE9 /* fbxtrim */,
				6B28FED523F7DD3D00E6CBE9 /* Products */,
				6B28FEDE23F7DDD800E6CBE9 /* Frameworks */,
			);
			sourceTree = "<group>";
		};
		6B28FED523F7DD3D00E6CBE9 /* Products */ = {
			isa = PBXGroup;
			children = (
				6B28FED423F7DD3D00E6CBE9 /* fbxdump */,
				6B28FEEA23F98AB500E6CBE9 /* fbxtrim */,
			);
			name = Products;
			sourceTree = "<group>";
		};
		6B28FED623F7DD3D00E6CBE9 /* fbxdump */ = {
			isa = PBXGroup;
			children = (
				6B28FED723F7DD3D00E6CBE9 /* main.cpp */,
				6B28FEE423F95B9700E6CBE9 /* serialize.h */,
			);
			path = fbxdump;
			sourceTree = "<group>";
		};
		6B28FEDE23F7DDD800E6CBE9 /* Frameworks */ = {
			isa = PBXGroup;
			children = (
				6B28FF0023FA474A00E6CBE9 /* libz.tbd */,
				6B28FEFE23FA46BE00E6CBE9 /* libiconv.tbd */,
				6B28FEFB23FA467500E6CBE9 /* libxml2.tbd */,
				6B28FEF923FA464F00E6CBE9 /* libc++.tbd */,
				6B28FEF723FA461E00E6CBE9 /* libxml2.2.tbd */,
				6B28FEF323FA455700E6CBE9 /* SystemConfiguration.framework */,
				6B28FEE123F7DE8700E6CBE9 /* CoreFoundation.framework */,
				6B28FEDF23F7DDD800E6CBE9 /* libfbxsdk.a */,
			);
			name = Frameworks;
			sourceTree = "<group>";
		};
		6B28FEEB23F98AB500E6CBE9 /* fbxtrim */ = {
			isa = PBXGroup;
			children = (
				6B28FEEC23F98AB500E6CBE9 /* main.cpp */,
			);
			path = fbxtrim;
			sourceTree = "<group>";
		};
/* End PBXGroup section */

/* Begin PBXNativeTarget section */
		6B28FED323F7DD3D00E6CBE9 /* fbxdump */ = {
			isa = PBXNativeTarget;
			buildConfigurationList = 6B28FEDB23F7DD3D00E6CBE9 /* Build configuration list for PBXNativeTarget "fbxdump" */;
			buildPhases = (
				6B28FED023F7DD3D00E6CBE9 /* Sources */,
				6B28FED123F7DD3D00E6CBE9 /* Frameworks */,
				6B28FED223F7DD3D00E6CBE9 /* CopyFiles */,
			);
			buildRules = (
			);
			dependencies = (
			);
			name = fbxdump;
			productName = fbxqs;
			productReference = 6B28FED423F7DD3D00E6CBE9 /* fbxdump */;
			productType = "com.apple.product-type.tool";
		};
		6B28FEE923F98AB500E6CBE9 /* fbxtrim */ = {
			isa = PBXNativeTarget;
			buildConfigurationList = 6B28FEEE23F98AB500E6CBE9 /* Build configuration list for PBXNativeTarget "fbxtrim" */;
			buildPhases = (
				6B28FEE623F98AB500E6CBE9 /* Sources */,
				6B28FEE723F98AB500E6CBE9 /* Frameworks */,
				6B28FEE823F98AB500E6CBE9 /* CopyFiles */,
			);
			buildRules = (
			);
			dependencies = (
			);
			name = fbxtrim;
			productName = fbxtrim;
			productReference = 6B28FEEA23F98AB500E6CBE9 /* fbxtrim */;
			productType = "com.apple.product-type.tool";
		};
/* End PBXNativeTarget section */

/* Begin PBXProject section */
		6B28FECC23F7DD3D00E6CBE9 /* Project object */ = {
			isa = PBXProject;
			attributes = {
				LastUpgradeCheck = 1130;
				ORGANIZATIONNAME = LARRYHOU;
				TargetAttributes = {
					6B28FED323F7DD3D00E6CBE9 = {
						CreatedOnToolsVersion = 11.3;
					};
					6B28FEE923F98AB500E6CBE9 = {
						CreatedOnToolsVersion = 11.3;
					};
				};
			};
			buildConfigurationList = 6B28FECF23F7DD3D00E6CBE9 /* Build configuration list for PBXProject "fbxtools" */;
			compatibilityVersion = "Xcode 9.3";
			developmentRegion = en;
			hasScannedForEncodings = 0;
			knownRegions = (
				en,
				Base,
			);
			mainGroup = 6B28FECB23F7DD3D00E6CBE9;
			productRefGroup = 6B28FED523F7DD3D00E6CBE9 /* Products */;
			projectDirPath = "";
			projectRoot = "";
			targets = (
				6B28FED323F7DD3D00E6CBE9 /* fbxdump */,
				6B28FEE923F98AB500E6CBE9 /* fbxtrim */,
			);
		};
/* End PBXProject section */

/* Begin PBXSourcesBuildPhase section */
		6B28FED023F7DD3D00E6CBE9 /* Sources */ = {
			isa = PBXSourcesBuildPhase;
			buildActionMask = 2147483647;
			files = (
				6B28FED823F7DD3D00E6CBE9 /* main.cpp in Sources */,
			);
			runOnlyForDeploymentPostprocessing = 0;
		};
		6B28FEE623F98AB500E6CBE9 /* Sources */ = {
			isa = PBXSourcesBuildPhase;
			buildActionMask = 2147483647;
			files = (
				6B28FEED23F98AB500E6CBE9 /* main.cpp in Sources */,
			);
			runOnlyForDeploymentPostprocessing = 0;
		};
/* End PBXSourcesBuildPhase section */

/* Begin XCBuildConfiguration section */
		6B28FED923F7DD3D00E6CBE9 /* Debug */ = {
			isa = XCBuildConfiguration;
			buildSettings = {
				ALWAYS_SEARCH_USER_PATHS = NO;
				CLANG_ANALYZER_NONNULL = YES;
				CLANG_ANALYZER_NUMBER_OBJECT_CONVERSION = YES_AGGRESSIVE;
				CLANG_CXX_LANGUAGE_STANDARD = "gnu++14";
				CLANG_CXX_LIBRARY = "libc++";
				CLANG_ENABLE_MODULES = YES;
				CLANG_ENABLE_OBJC_ARC = YES;
				CLANG_ENABLE_OBJC_WEAK = YES;
				CLANG_WARN_BLOCK_CAPTURE_AUTORELEASING = YES;
				CLANG_WARN_BOOL_CONVERSION = YES;
				CLANG_WARN_COMMA = YES;
				CLANG_WARN_CONSTANT_CONVERSION = YES;
				CLANG_WARN_DEPRECATED_OBJC_IMPLEMENTATIONS = YES;
				CLANG_WARN_DIRECT_OBJC_ISA_USAGE = YES_ERROR;
				CLANG_WARN_DOCUMENTATION_COMMENTS = YES;
				CLANG_WARN_EMPTY_BODY = YES;
				CLANG_WARN_ENUM_CONVERSION = YES;
				CLANG_WARN_INFINITE_RECURSION = YES;
				CLANG_WARN_INT_CONVERSION = YES;
				CLANG_WARN_NON_LITERAL_NULL_CONVERSION = YES;
				CLANG_WARN_OBJC_IMPLICIT_RETAIN_SELF = YES;
				CLANG_WARN_OBJC_LITERAL_CONVERSION = YES;
				CLANG_WARN_OBJC_ROOT_CLASS = YES_ERROR;
				CLANG_WARN_RANGE_LOOP_ANALYSIS = YES;
				CLANG_WARN_STRICT_PROTOTYPES = YES;
				CLANG_WARN_SUSPICIOUS_MOVE = YES;
				CLANG_WARN_UNGUARDED_AVAILABILITY = YES_AGGRESSIVE;
				CLANG_WARN_UNREACHABLE_CODE = YES;
				CLANG_WARN__DUPLICATE_METHOD_MATCH = YES;
				COPY_PHASE_STRIP = NO;
				DEBUG_INFORMATION_FORMAT = dwarf;
				ENABLE_STRICT_OBJC_MSGSEND = YES;
				ENABLE_TESTABILITY = YES;
				GCC_C_LANGUAGE_STANDARD = gnu11;
				GCC_DYNAMIC_NO_PIC = NO;
				GCC_NO_COMMON_BLOCKS = YES;
				GCC_OPTIMIZATION_LEVEL = 0;
				GCC_PREPROCESSOR_DEFINITIONS = (
					"DEBUG=1",
					"$(inherited)",
				);
				GCC_WARN_64_TO_32_BIT_CONVERSION = YES;
				GCC_WARN_ABOUT_RETURN_TYPE = YES_ERROR;
				GCC_WARN_UNDECLARED_SELECTOR = YES;
				GCC_WARN_UNINITIALIZED_AUTOS = YES_AGGRESSIVE;
				GCC_WARN_UNUSED_FUNCTION = YES;
				GCC_WARN_UNUSED_VARIABLE = YES;
				HEADER_SEARCH_PATHS = "${PROJECT_DIR}/include";
				MACOSX_DEPLOYMENT_TARGET = 10.14;
				MTL_ENABLE_DEBUG_INFO = INCLUDE_SOURCE;
				MTL_FAST_MATH = YES;
				ONLY_ACTIVE_ARCH = YES;
				SDKROOT = macosx;
			};
			name = Debug;
		};
		6B28FEDA23F7DD3D00E6CBE9 /* Release */ = {
			isa = XCBuildConfiguration;
			buildSettings = {
				ALWAYS_SEARCH_USER_PATHS = NO;
				CLANG_ANALYZER_NONNULL = YES;
				CLANG_ANALYZER_NUMBER_OBJECT_CONVERSION = YES_AGGRESSIVE;
				CLANG_CXX_LANGUAGE_STANDARD = "gnu++14";
				CLANG_CXX_LIBRARY = "libc++";
				CLANG_ENABLE_MODULES = YES;
				CLANG_ENABLE_OBJC_ARC = YES;
				CLANG_ENABLE_OBJC_WEAK = YES;
				CLANG_WARN_BLOCK_CAPTURE_AUTORELEASING = YES;
				CLANG_WARN_BOOL_CONVERSION = YES;
				CLANG_WARN_COMMA = YES;
				CLANG_WARN_CONSTANT_CONVERSION = YES;
				CLANG_WARN_DEPRECATED_OBJC_IMPLEMENTATIONS = YES;
				CLANG_WARN_DIRECT_OBJC_ISA_USAGE = YES_ERROR;
				CLANG_WARN_DOCUMENTATION_COMMENTS = YES;
				CLANG_WARN_EMPTY_BODY = YES;
				CLANG_WARN_ENUM_CONVERSION = YES;
				CLANG_WARN_INFINITE_RECURSION = YES;
				CLANG_WARN_INT_CONVERSION = YES;
				CLANG_WARN_NON_LITERAL_NULL_CONVERSION = YES;
				CLANG_WARN_OBJC_IMPLICIT_RETAIN_SELF = YES;
				CLANG_WARN_OBJC_LITERAL_CONVERSION = YES;
				CLANG_WARN_OBJC_ROOT_CLASS = YES_ERROR;
				CLANG_WARN_RANGE_LOOP_ANALYSIS = YES;
				CLANG_WARN_STRICT_PROTOTYPES = YES;
				CLANG_WARN_SUSPICIOUS_MOVE = YES;
				CLANG_WARN_UNGUARDED_AVAILABILITY = YES_AGGRESSIVE;
				CLANG_WARN_UNREACHABLE_CODE = YES;
				CLANG_WARN__DUPLICATE_METHOD_MATCH = YES;
				COPY_PHASE_STRIP = NO;
				DEBUG_INFORMATION_FORMAT = "dwarf-with-dsym";
				ENABLE_NS_ASSERTIONS = NO;
				ENABLE_STRICT_OBJC_MSGSEND = YES;
				GCC_C_LANGUAGE_STANDARD = gnu11;
				GCC_NO_COMMON_BLOCKS = YES;
				GCC_WARN_64_TO_32_BIT_CONVERSION = YES;
				GCC_WARN_ABOUT_RETURN_TYPE = YES_ERROR;
				GCC_WARN_UNDECLARED_SELECTOR = YES;
				GCC_WARN_UNINITIALIZED_AUTOS = YES_AGGRESSIVE;
				GCC_WARN_UNUSED_FUNCTION = YES;
				GCC_WARN_UNUSED_VARIABLE = YES;
				HEADER_SEARCH_PATHS = "${PROJECT_DIR}/include";
				MACOSX_DEPLOYMENT_TARGET = 10.14;
				MTL_ENABLE_DEBUG_INFO = NO;
				MTL_FAST_MATH = YES;
				SDKROOT = macosx;
			};
			name = Release;
		};
		6B28FEDC23F7DD3D00E6CBE9 /* Debug */ = {
			isa = XCBuildConfiguration;
			buildSettings = {
				CLANG_WARN_DOCUMENTATION_COMMENTS = NO;
				CODE_SIGN_STYLE = Automatic;
				DEPLOYMENT_LOCATION = YES;
				DEVELOPMENT_TEAM = PRLP6W5S32;
				DSTROOT = /;
				ENABLE_HARDENED_RUNTIME = YES;
				HEADER_SEARCH_PATHS = "${PROJECT_DIR}/include";
				LIBRARY_SEARCH_PATHS = (
					"$(inherited)",
					"$(PROJECT_DIR)",
				);
				PRODUCT_NAME = "$(TARGET_NAME)";
			};
			name = Debug;
		};
		6B28FEDD23F7DD3D00E6CBE9 /* Release */ = {
			isa = XCBuildConfiguration;
			buildSettings = {
				CLANG_WARN_DOCUMENTATION_COMMENTS = NO;
				CODE_SIGN_STYLE = Automatic;
				DEPLOYMENT_LOCATION = YES;
				DEVELOPMENT_TEAM = PRLP6W5S32;
				DSTROOT = /;
				ENABLE_HARDENED_RUNTIME = YES;
				HEADER_SEARCH_PATHS = "${PROJECT_DIR}/include";
				LIBRARY_SEARCH_PATHS = (
					"$(inherited)",
					"$(PROJECT_DIR)",
				);
				PRODUCT_NAME = "$(TARGET_NAME)";
			};
			name = Release;
		};
		6B28FEEF23F98AB500E6CBE9 /* Debug */ = {
			isa = XCBuildConfiguration;
			buildSettings = {
				CLANG_WARN_DOCUMENTATION_COMMENTS = NO;
				CODE_SIGN_STYLE = Automatic;
				DEPLOYMENT_LOCATION = YES;
				DEVELOPMENT_TEAM = PRLP6W5S32;
				DSTROOT = /;
				ENABLE_HARDENED_RUNTIME = YES;
				LIBRARY_SEARCH_PATHS = (
					"$(inherited)",
					"$(PROJECT_DIR)",
				);
				PRODUCT_NAME = "$(TARGET_NAME)";
			};
			name = Debug;
		};
		6B28FEF023F98AB500E6CBE9 /* Release */ = {
			isa = XCBuildConfiguration;
			buildSettings = {
				CLANG_WARN_DOCUMENTATION_COMMENTS = NO;
				CODE_SIGN_STYLE = Automatic;
				DEPLOYMENT_LOCATION = YES;
				DEVELOPMENT_TEAM = PRLP6W5S32;
				DSTROOT = /;
				ENABLE_HARDENED_RUNTIME = YES;
				LIBRARY_SEARCH_PATHS = (
					"$(inherited)",
					"$(PROJECT_DIR)",
				);
				PRODUCT_NAME = "$(TARGET_NAME)";
			};
			name = Release;
		};
/* End XCBuildConfiguration section */

/* Begin XCConfigurationList section */
		6B28FECF23F7DD3D00E6CBE9 /* Build configuration list for PBXProject "fbxtools" */ = {
			isa = XCConfigurationList;
			buildConfigurations = (
				6B28FED923F7DD3D00E6CBE9 /* Debug */,
				6B28FEDA23F7DD3D00E6CBE9 /* Release */,
			);
			defaultConfigurationIsVisible = 0;
			defaultConfigurationName = Release;
		};
		6B28FEDB23F7DD3D00E6CBE9 /* Build configuration list for PBXNativeTarget "fbxdump" */ = {
			isa = XCConfigurationList;
			buildConfigurations = (
				6B28FEDC23F7DD3D00E6CBE9 /* Debug */,
				6B28FEDD23F7DD3D00E6CBE9 /* Release */,
			);
			defaultConfigurationIsVisible = 0;
			defaultConfigurationName = Release;
		};
		6B28FEEE23F98AB500E6CBE9 /* Build configuration list for PBXNativeTarget "fbxtrim" */ = {
			isa = XCConfigurationList;
			buildConfigurations = (
				6B28FEEF23F98AB500E6CBE9 /* Debug */,
				6B28FEF023F98AB500E6CBE9 /* Release */,
			);
			defaultConfigurationIsVisible = 0;
			defaultConfigurationName = Release;
		};
/* End XCConfigurationList section */
	};
	rootObject = 6B28FECC23F7DD3D00E6CBE9 /* Project object */;
}
